
Microsoft Visual Studio Solution File, Format Version 12.00
# Visual Studio 15
VisualStudioVersion = 15.0.27004.2009
MinimumVisualStudioVersion = 10.0.40219.1
Project("{FAE04EC0-301F-11D3-BF4B-00C04F79EFBC}") = "HwProj_Task_1", "HwProj_Task_1.csproj", "{6B78C1AB-BD43-41DA-A184-07D81D78EEAD}"
EndProject
Global
	GlobalSection(SolutionConfigurationPlatforms) = preSolution
		Debug|Any CPU = Debug|Any CPU
		Release|Any CPU = Release|Any CPU
	EndGlobalSection
	GlobalSection(ProjectConfigurationPlatforms) = postSolution
		{6B78C1AB-BD43-41DA-A184-07D81D78EEAD}.Debug|Any CPU.ActiveCfg = Debug|Any CPU
		{6B78C1AB-BD43-41DA-A184-07D81D78EEAD}.Debug|Any CPU.Build.0 = Debug|Any CPU
		{6B78C1AB-BD43-41DA-A184-07D81D78EEAD}.Release|Any CPU.ActiveCfg = Release|Any CPU
		{6B78C1AB-BD43-41DA-A184-07D81D78EEAD}.Release|Any CPU.Build.0 = Release|Any CPU
	EndGlobalSection
	GlobalSection(SolutionProperties) = preSolution
		HideSolutionNode = FALSE
	EndGlobalSection
	GlobalSection(ExtensibilityGlobals) = postSolution
		SolutionGuid = {7B8A3E0A-95B5-4088-AB66-1954047A793F}
	EndGlobalSection
EndGlobal
