
Microsoft Visual Studio Solution File, Format Version 12.00
# Visual Studio 15
VisualStudioVersion = 15.0.27004.2009
MinimumVisualStudioVersion = 10.0.40219.1
Project("{FAE04EC0-301F-11D3-BF4B-00C04F79EFBC}") = "HwProj_Task_2_1", "HwProj_Task_2_1.csproj", "{5427A8FA-DA08-4F63-B2D8-AC4C51911D35}"
EndProject
Project("{FAE04EC0-301F-11D3-BF4B-00C04F79EFBC}") = "StackTest1", "StackTest1\StackTest1.csproj", "{D90E8B34-0AFB-4D54-B951-DD102FB7BED7}"
EndProject
Global
	GlobalSection(SolutionConfigurationPlatforms) = preSolution
		Debug|Any CPU = Debug|Any CPU
		Release|Any CPU = Release|Any CPU
	EndGlobalSection
	GlobalSection(ProjectConfigurationPlatforms) = postSolution
		{5427A8FA-DA08-4F63-B2D8-AC4C51911D35}.Debug|Any CPU.ActiveCfg = Debug|Any CPU
		{5427A8FA-DA08-4F63-B2D8-AC4C51911D35}.Debug|Any CPU.Build.0 = Debug|Any CPU
		{5427A8FA-DA08-4F63-B2D8-AC4C51911D35}.Release|Any CPU.ActiveCfg = Release|Any CPU
		{5427A8FA-DA08-4F63-B2D8-AC4C51911D35}.Release|Any CPU.Build.0 = Release|Any CPU
		{D90E8B34-0AFB-4D54-B951-DD102FB7BED7}.Debug|Any CPU.ActiveCfg = Debug|Any CPU
		{D90E8B34-0AFB-4D54-B951-DD102FB7BED7}.Debug|Any CPU.Build.0 = Debug|Any CPU
		{D90E8B34-0AFB-4D54-B951-DD102FB7BED7}.Release|Any CPU.ActiveCfg = Release|Any CPU
		{D90E8B34-0AFB-4D54-B951-DD102FB7BED7}.Release|Any CPU.Build.0 = Release|Any CPU
	EndGlobalSection
	GlobalSection(SolutionProperties) = preSolution
		HideSolutionNode = FALSE
	EndGlobalSection
	GlobalSection(ExtensibilityGlobals) = postSolution
		SolutionGuid = {6F011FB9-3F4C-468E-8FAA-3604B8684DAC}
	EndGlobalSection
EndGlobal
